// !$*UTF8*$!
{
	archiveVersion = 1;
	classes = {
	};
	objectVersion = 46;
	objects = {

/* Begin PBXBuildFile section */
		89D2229D1F1E85430086365E /* PolaroidView.swift in Sources */ = {isa = PBXBuildFile; fileRef = 89D2229C1F1E85430086365E /* PolaroidView.swift */; };
		89D222A01F1E93750086365E /* QuartzCore.framework in Frameworks */ = {isa = PBXBuildFile; fileRef = 89D2229F1F1E93750086365E /* QuartzCore.framework */; };
		B12C19441F198F3B00069166 /* AppDelegate.swift in Sources */ = {isa = PBXBuildFile; fileRef = B12C19431F198F3B00069166 /* AppDelegate.swift */; };
		B12C19461F198F3B00069166 /* ViewController.swift in Sources */ = {isa = PBXBuildFile; fileRef = B12C19451F198F3B00069166 /* ViewController.swift */; };
		B12C19491F198F3B00069166 /* Main.storyboard in Resources */ = {isa = PBXBuildFile; fileRef = B12C19471F198F3B00069166 /* Main.storyboard */; };
		B12C194B1F198F3B00069166 /* Assets.xcassets in Resources */ = {isa = PBXBuildFile; fileRef = B12C194A1F198F3B00069166 /* Assets.xcassets */; };
		B12C194E1F198F3B00069166 /* LaunchScreen.storyboard in Resources */ = {isa = PBXBuildFile; fileRef = B12C194C1F198F3B00069166 /* LaunchScreen.storyboard */; };
		B12C19561F198F8000069166 /* UIPolaroidView.swift in Sources */ = {isa = PBXBuildFile; fileRef = B12C19551F198F8000069166 /* UIPolaroidView.swift */; };
		B12C19631F1C04CD00069166 /* ExtensionMethods.swift in Sources */ = {isa = PBXBuildFile; fileRef = B12C19621F1C04CD00069166 /* ExtensionMethods.swift */; };
		B12C196D1F1D936100069166 /* Comments-50.png in Resources */ = {isa = PBXBuildFile; fileRef = B12C19681F1D936100069166 /* Comments-50.png */; };
		B12C196E1F1D936100069166 /* content.jpg in Resources */ = {isa = PBXBuildFile; fileRef = B12C19691F1D936100069166 /* content.jpg */; };
		B12C196F1F1D936100069166 /* LikeSelected.png in Resources */ = {isa = PBXBuildFile; fileRef = B12C196A1F1D936100069166 /* LikeSelected.png */; };
		B12C19701F1D936100069166 /* LikeUnselected.png in Resources */ = {isa = PBXBuildFile; fileRef = B12C196B1F1D936100069166 /* LikeUnselected.png */; };
		B12C19711F1D936100069166 /* Solaire.png in Resources */ = {isa = PBXBuildFile; fileRef = B12C196C1F1D936100069166 /* Solaire.png */; };
/* End PBXBuildFile section */

/* Begin PBXFileReference section */
		89D2229C1F1E85430086365E /* PolaroidView.swift */ = {isa = PBXFileReference; fileEncoding = 4; lastKnownFileType = sourcecode.swift; path = PolaroidView.swift; sourceTree = "<group>"; };
		89D2229F1F1E93750086365E /* QuartzCore.framework */ = {isa = PBXFileReference; lastKnownFileType = wrapper.framework; name = QuartzCore.framework; path = System/Library/Frameworks/QuartzCore.framework; sourceTree = SDKROOT; };
		B12C19401F198F3B00069166 /* UIPolaroid.app */ = {isa = PBXFileReference; explicitFileType = wrapper.application; includeInIndex = 0; path = UIPolaroid.app; sourceTree = BUILT_PRODUCTS_DIR; };
		B12C19431F198F3B00069166 /* AppDelegate.swift */ = {isa = PBXFileReference; lastKnownFileType = sourcecode.swift; path = AppDelegate.swift; sourceTree = "<group>"; };
		B12C19451F198F3B00069166 /* ViewController.swift */ = {isa = PBXFileReference; lastKnownFileType = sourcecode.swift; path = ViewController.swift; sourceTree = "<group>"; };
		B12C19481F198F3B00069166 /* Base */ = {isa = PBXFileReference; lastKnownFileType = file.storyboard; name = Base; path = Base.lproj/Main.storyboard; sourceTree = "<group>"; };
		B12C194A1F198F3B00069166 /* Assets.xcassets */ = {isa = PBXFileReference; lastKnownFileType = folder.assetcatalog; path = Assets.xcassets; sourceTree = "<group>"; };
		B12C194D1F198F3B00069166 /* Base */ = {isa = PBXFileReference; lastKnownFileType = file.storyboard; name = Base; path = Base.lproj/LaunchScreen.storyboard; sourceTree = "<group>"; };
		B12C194F1F198F3B00069166 /* Info.plist */ = {isa = PBXFileReference; lastKnownFileType = text.plist.xml; path = Info.plist; sourceTree = "<group>"; };
		B12C19551F198F8000069166 /* UIPolaroidView.swift */ = {isa = PBXFileReference; fileEncoding = 4; lastKnownFileType = sourcecode.swift; path = UIPolaroidView.swift; sourceTree = "<group>"; };
		B12C19621F1C04CD00069166 /* ExtensionMethods.swift */ = {isa = PBXFileReference; fileEncoding = 4; lastKnownFileType = sourcecode.swift; path = ExtensionMethods.swift; sourceTree = "<group>"; };
		B12C19681F1D936100069166 /* Comments-50.png */ = {isa = PBXFileReference; lastKnownFileType = image.png; name = "Comments-50.png"; path = "Assets/Comments-50.png"; sourceTree = "<group>"; };
		B12C19691F1D936100069166 /* content.jpg */ = {isa = PBXFileReference; lastKnownFileType = image.jpeg; name = content.jpg; path = Assets/content.jpg; sourceTree = "<group>"; };
		B12C196A1F1D936100069166 /* LikeSelected.png */ = {isa = PBXFileReference; lastKnownFileType = image.png; name = LikeSelected.png; path = Assets/LikeSelected.png; sourceTree = "<group>"; };
		B12C196B1F1D936100069166 /* LikeUnselected.png */ = {isa = PBXFileReference; lastKnownFileType = image.png; name = LikeUnselected.png; path = Assets/LikeUnselected.png; sourceTree = "<group>"; };
		B12C196C1F1D936100069166 /* Solaire.png */ = {isa = PBXFileReference; lastKnownFileType = image.png; name = Solaire.png; path = Assets/Solaire.png; sourceTree = "<group>"; };
/* End PBXFileReference section */

/* Begin PBXFrameworksBuildPhase section */
		B12C193D1F198F3B00069166 /* Frameworks */ = {
			isa = PBXFrameworksBuildPhase;
			buildActionMask = 2147483647;
			files = (
				89D222A01F1E93750086365E /* QuartzCore.framework in Frameworks */,
			);
			runOnlyForDeploymentPostprocessing = 0;
		};
/* End PBXFrameworksBuildPhase section */

/* Begin PBXGroup section */
		89D2229E1F1E93750086365E /* Frameworks */ = {
			isa = PBXGroup;
			children = (
				89D2229F1F1E93750086365E /* QuartzCore.framework */,
			);
			name = Frameworks;
			sourceTree = "<group>";
		};
		B12C19371F198F3A00069166 = {
			isa = PBXGroup;
			children = (
				B12C19421F198F3B00069166 /* UIPolaroid */,
				B12C19411F198F3B00069166 /* Products */,
				89D2229E1F1E93750086365E /* Frameworks */,
			);
			sourceTree = "<group>";
		};
		B12C19411F198F3B00069166 /* Products */ = {
			isa = PBXGroup;
			children = (
				B12C19401F198F3B00069166 /* UIPolaroid.app */,
			);
			name = Products;
			sourceTree = "<group>";
		};
		B12C19421F198F3B00069166 /* UIPolaroid */ = {
			isa = PBXGroup;
			children = (
				B12C19571F1BEFEE00069166 /* TestAssets */,
				B12C19431F198F3B00069166 /* AppDelegate.swift */,
				B12C19451F198F3B00069166 /* ViewController.swift */,
				B12C19471F198F3B00069166 /* Main.storyboard */,
				B12C194A1F198F3B00069166 /* Assets.xcassets */,
				B12C194C1F198F3B00069166 /* LaunchScreen.storyboard */,
				B12C194F1F198F3B00069166 /* Info.plist */,
				B12C19551F198F8000069166 /* UIPolaroidView.swift */,
				89D2229C1F1E85430086365E /* PolaroidView.swift */,
				B12C19621F1C04CD00069166 /* ExtensionMethods.swift */,
			);
			path = UIPolaroid;
			sourceTree = "<group>";
		};
		B12C19571F1BEFEE00069166 /* TestAssets */ = {
			isa = PBXGroup;
			children = (
				B12C19681F1D936100069166 /* Comments-50.png */,
				B12C19691F1D936100069166 /* content.jpg */,
				B12C196A1F1D936100069166 /* LikeSelected.png */,
				B12C196B1F1D936100069166 /* LikeUnselected.png */,
				B12C196C1F1D936100069166 /* Solaire.png */,
			);
			name = TestAssets;
			sourceTree = "<group>";
		};
/* End PBXGroup section */

/* Begin PBXNativeTarget section */
		B12C193F1F198F3B00069166 /* UIPolaroid */ = {
			isa = PBXNativeTarget;
			buildConfigurationList = B12C19521F198F3B00069166 /* Build configuration list for PBXNativeTarget "UIPolaroid" */;
			buildPhases = (
				B12C193C1F198F3B00069166 /* Sources */,
				B12C193D1F198F3B00069166 /* Frameworks */,
				B12C193E1F198F3B00069166 /* Resources */,
			);
			buildRules = (
			);
			dependencies = (
			);
			name = UIPolaroid;
			productName = UIPolaroid;
			productReference = B12C19401F198F3B00069166 /* UIPolaroid.app */;
			productType = "com.apple.product-type.application";
		};
/* End PBXNativeTarget section */

/* Begin PBXProject section */
		B12C19381F198F3A00069166 /* Project object */ = {
			isa = PBXProject;
			attributes = {
				LastSwiftUpdateCheck = 0830;
				LastUpgradeCheck = 0830;
				ORGANIZATIONNAME = "Jacob Leveroni";
				TargetAttributes = {
					B12C193F1F198F3B00069166 = {
						CreatedOnToolsVersion = 8.3.3;
						DevelopmentTeam = VHFB4XRRZ8;
						ProvisioningStyle = Automatic;
					};
				};
			};
			buildConfigurationList = B12C193B1F198F3B00069166 /* Build configuration list for PBXProject "UIPolaroid" */;
			compatibilityVersion = "Xcode 3.2";
			developmentRegion = English;
			hasScannedForEncodings = 0;
			knownRegions = (
				en,
				Base,
			);
			mainGroup = B12C19371F198F3A00069166;
			productRefGroup = B12C19411F198F3B00069166 /* Products */;
			projectDirPath = "";
			projectRoot = "";
			targets = (
				B12C193F1F198F3B00069166 /* UIPolaroid */,
			);
		};
/* End PBXProject section */

/* Begin PBXResourcesBuildPhase section */
		B12C193E1F198F3B00069166 /* Resources */ = {
			isa = PBXResourcesBuildPhase;
			buildActionMask = 2147483647;
			files = (
				B12C194E1F198F3B00069166 /* LaunchScreen.storyboard in Resources */,
				B12C196F1F1D936100069166 /* LikeSelected.png in Resources */,
				B12C194B1F198F3B00069166 /* Assets.xcassets in Resources */,
				B12C196D1F1D936100069166 /* Comments-50.png in Resources */,
				B12C196E1F1D936100069166 /* content.jpg in Resources */,
				B12C19711F1D936100069166 /* Solaire.png in Resources */,
				B12C19701F1D936100069166 /* LikeUnselected.png in Resources */,
				B12C19491F198F3B00069166 /* Main.storyboard in Resources */,
			);
			runOnlyForDeploymentPostprocessing = 0;
		};
/* End PBXResourcesBuildPhase section */

/* Begin PBXSourcesBuildPhase section */
		B12C193C1F198F3B00069166 /* Sources */ = {
			isa = PBXSourcesBuildPhase;
			buildActionMask = 2147483647;
			files = (
				B12C19561F198F8000069166 /* UIPolaroidView.swift in Sources */,
				B12C19461F198F3B00069166 /* ViewController.swift in Sources */,
				89D2229D1F1E85430086365E /* PolaroidView.swift in Sources */,
				B12C19631F1C04CD00069166 /* ExtensionMethods.swift in Sources */,
				B12C19441F198F3B00069166 /* AppDelegate.swift in Sources */,
			);
			runOnlyForDeploymentPostprocessing = 0;
		};
/* End PBXSourcesBuildPhase section */

/* Begin PBXVariantGroup section */
		B12C19471F198F3B00069166 /* Main.storyboard */ = {
			isa = PBXVariantGroup;
			children = (
				B12C19481F198F3B00069166 /* Base */,
			);
			name = Main.storyboard;
			sourceTree = "<group>";
		};
		B12C194C1F198F3B00069166 /* LaunchScreen.storyboard */ = {
			isa = PBXVariantGroup;
			children = (
				B12C194D1F198F3B00069166 /* Base */,
			);
			name = LaunchScreen.storyboard;
			sourceTree = "<group>";
		};
/* End PBXVariantGroup section */

/* Begin XCBuildConfiguration section */
		B12C19501F198F3B00069166 /* Debug */ = {
			isa = XCBuildConfiguration;
			buildSettings = {
				ALWAYS_SEARCH_USER_PATHS = NO;
				CLANG_ANALYZER_NONNULL = YES;
				CLANG_ANALYZER_NUMBER_OBJECT_CONVERSION = YES_AGGRESSIVE;
				CLANG_CXX_LANGUAGE_STANDARD = "gnu++0x";
				CLANG_CXX_LIBRARY = "libc++";
				CLANG_ENABLE_MODULES = YES;
				CLANG_ENABLE_OBJC_ARC = YES;
				CLANG_WARN_BOOL_CONVERSION = YES;
				CLANG_WARN_CONSTANT_CONVERSION = YES;
				CLANG_WARN_DIRECT_OBJC_ISA_USAGE = YES_ERROR;
				CLANG_WARN_DOCUMENTATION_COMMENTS = YES;
				CLANG_WARN_EMPTY_BODY = YES;
				CLANG_WARN_ENUM_CONVERSION = YES;
				CLANG_WARN_INFINITE_RECURSION = YES;
				CLANG_WARN_INT_CONVERSION = YES;
				CLANG_WARN_OBJC_ROOT_CLASS = YES_ERROR;
				CLANG_WARN_SUSPICIOUS_MOVE = YES;
				CLANG_WARN_UNREACHABLE_CODE = YES;
				CLANG_WARN__DUPLICATE_METHOD_MATCH = YES;
				"CODE_SIGN_IDENTITY[sdk=iphoneos*]" = "iPhone Developer";
				COPY_PHASE_STRIP = NO;
				DEBUG_INFORMATION_FORMAT = dwarf;
				ENABLE_STRICT_OBJC_MSGSEND = YES;
				ENABLE_TESTABILITY = YES;
				GCC_C_LANGUAGE_STANDARD = gnu99;
				GCC_DYNAMIC_NO_PIC = NO;
				GCC_NO_COMMON_BLOCKS = YES;
				GCC_OPTIMIZATION_LEVEL = 0;
				GCC_PREPROCESSOR_DEFINITIONS = (
					"DEBUG=1",
					"$(inherited)",
				);
				GCC_WARN_64_TO_32_BIT_CONVERSION = YES;
				GCC_WARN_ABOUT_RETURN_TYPE = YES_ERROR;
				GCC_WARN_UNDECLARED_SELECTOR = YES;
				GCC_WARN_UNINITIALIZED_AUTOS = YES_AGGRESSIVE;
				GCC_WARN_UNUSED_FUNCTION = YES;
				GCC_WARN_UNUSED_VARIABLE = YES;
				IPHONEOS_DEPLOYMENT_TARGET = 10.3;
				MTL_ENABLE_DEBUG_INFO = YES;
				ONLY_ACTIVE_ARCH = YES;
				SDKROOT = iphoneos;
				SWIFT_ACTIVE_COMPILATION_CONDITIONS = DEBUG;
				SWIFT_OPTIMIZATION_LEVEL = "-Onone";
			};
			name = Debug;
		};
		B12C19511F198F3B00069166 /* Release */ = {
			isa = XCBuildConfiguration;
			buildSettings = {
				ALWAYS_SEARCH_USER_PATHS = NO;
				CLANG_ANALYZER_NONNULL = YES;
				CLANG_ANALYZER_NUMBER_OBJECT_CONVERSION = YES_AGGRESSIVE;
				CLANG_CXX_LANGUAGE_STANDARD = "gnu++0x";
				CLANG_CXX_LIBRARY = "libc++";
				CLANG_ENABLE_MODULES = YES;
				CLANG_ENABLE_OBJC_ARC = YES;
				CLANG_WARN_BOOL_CONVERSION = YES;
				CLANG_WARN_CONSTANT_CONVERSION = YES;
				CLANG_WARN_DIRECT_OBJC_ISA_USAGE = YES_ERROR;
				CLANG_WARN_DOCUMENTATION_COMMENTS = YES;
				CLANG_WARN_EMPTY_BODY = YES;
				CLANG_WARN_ENUM_CONVERSION = YES;
				CLANG_WARN_INFINITE_RECURSION = YES;
				CLANG_WARN_INT_CONVERSION = YES;
				CLANG_WARN_OBJC_ROOT_CLASS = YES_ERROR;
				CLANG_WARN_SUSPICIOUS_MOVE = YES;
				CLANG_WARN_UNREACHABLE_CODE = YES;
				CLANG_WARN__DUPLICATE_METHOD_MATCH = YES;
				"CODE_SIGN_IDENTITY[sdk=iphoneos*]" = "iPhone Developer";
				COPY_PHASE_STRIP = NO;
				DEBUG_INFORMATION_FORMAT = "dwarf-with-dsym";
				ENABLE_NS_ASSERTIONS = NO;
				ENABLE_STRICT_OBJC_MSGSEND = YES;
				GCC_C_LANGUAGE_STANDARD = gnu99;
				GCC_NO_COMMON_BLOCKS = YES;
				GCC_WARN_64_TO_32_BIT_CONVERSION = YES;
				GCC_WARN_ABOUT_RETURN_TYPE = YES_ERROR;
				GCC_WARN_UNDECLARED_SELECTOR = YES;
				GCC_WARN_UNINITIALIZED_AUTOS = YES_AGGRESSIVE;
				GCC_WARN_UNUSED_FUNCTION = YES;
				GCC_WARN_UNUSED_VARIABLE = YES;
				IPHONEOS_DEPLOYMENT_TARGET = 10.3;
				MTL_ENABLE_DEBUG_INFO = NO;
				SDKROOT = iphoneos;
				SWIFT_OPTIMIZATION_LEVEL = "-Owholemodule";
				VALIDATE_PRODUCT = YES;
			};
			name = Release;
		};
		B12C19531F198F3B00069166 /* Debug */ = {
			isa = XCBuildConfiguration;
			buildSettings = {
				ASSETCATALOG_COMPILER_APPICON_NAME = AppIcon;
				DEVELOPMENT_TEAM = VHFB4XRRZ8;
				INFOPLIST_FILE = UIPolaroid/Info.plist;
				LD_RUNPATH_SEARCH_PATHS = "$(inherited) @executable_path/Frameworks";
				PRODUCT_BUNDLE_IDENTIFIER = com.leveroni.UIPolaroid;
				PRODUCT_NAME = "$(TARGET_NAME)";
				SWIFT_VERSION = 3.0;
			};
			name = Debug;
		};
		B12C19541F198F3B00069166 /* Release */ = {
			isa = XCBuildConfiguration;
			buildSettings = {
				ASSETCATALOG_COMPILER_APPICON_NAME = AppIcon;
				DEVELOPMENT_TEAM = VHFB4XRRZ8;
				INFOPLIST_FILE = UIPolaroid/Info.plist;
				LD_RUNPATH_SEARCH_PATHS = "$(inherited) @executable_path/Frameworks";
				PRODUCT_BUNDLE_IDENTIFIER = com.leveroni.UIPolaroid;
				PRODUCT_NAME = "$(TARGET_NAME)";
				SWIFT_VERSION = 3.0;
			};
			name = Release;
		};
/* End XCBuildConfiguration section */

/* Begin XCConfigurationList section */
		B12C193B1F198F3B00069166 /* Build configuration list for PBXProject "UIPolaroid" */ = {
			isa = XCConfigurationList;
			buildConfigurations = (
				B12C19501F198F3B00069166 /* Debug */,
				B12C19511F198F3B00069166 /* Release */,
			);
			defaultConfigurationIsVisible = 0;
			defaultConfigurationName = Release;
		};
		B12C19521F198F3B00069166 /* Build configuration list for PBXNativeTarget "UIPolaroid" */ = {
			isa = XCConfigurationList;
			buildConfigurations = (
				B12C19531F198F3B00069166 /* Debug */,
				B12C19541F198F3B00069166 /* Release */,
			);
			defaultConfigurationIsVisible = 0;
			defaultConfigurationName = Release;
		};
/* End XCConfigurationList section */
	};
	rootObject = B12C19381F198F3A00069166 /* Project object */;
}
